
Microsoft Visual Studio Solution File, Format Version 12.00
# Visual Studio 15
Project("{FAE04EC0-301F-11D3-BF4B-00C04F79EFBC}") = "PhotonUnityNetworking.Demos", "PhotonUnityNetworking.Demos.csproj", "{9E0E07FD-8172-27EA-3F87-594E4AB3F192}"
EndProject
Project("{FAE04EC0-301F-11D3-BF4B-00C04F79EFBC}") = "PhotonUnityNetworking.Utilities", "PhotonUnityNetworking.Utilities.csproj", "{B3555809-885A-8308-B036-5CF91306DE69}"
EndProject
Project("{FAE04EC0-301F-11D3-BF4B-00C04F79EFBC}") = "PhotonChat", "PhotonChat.csproj", "{D7C880CC-5036-C53D-E89C-148DC7825233}"
EndProject
Project("{FAE04EC0-301F-11D3-BF4B-00C04F79EFBC}") = "PhotonUnityNetworking", "PhotonUnityNetworking.csproj", "{0F6F5AB9-707E-C6AF-3780-25B6F2ACCB12}"
EndProject
Project("{FAE04EC0-301F-11D3-BF4B-00C04F79EFBC}") = "Assembly-CSharp", "Assembly-CSharp.csproj", "{A228A333-D89D-C866-728F-B1D57359FE40}"
EndProject
Project("{FAE04EC0-301F-11D3-BF4B-00C04F79EFBC}") = "PhotonRealtime", "PhotonRealtime.csproj", "{D6560F0A-BAF2-DDE4-25A4-55ACE2BB1EA7}"
EndProject
Project("{FAE04EC0-301F-11D3-BF4B-00C04F79EFBC}") = "PhotonWebSocket", "PhotonWebSocket.csproj", "{069434C3-68B0-B655-50E1-BC2A96FD63B3}"
EndProject
Project("{FAE04EC0-301F-11D3-BF4B-00C04F79EFBC}") = "PhotonUnityNetworking.Editor", "PhotonUnityNetworking.Editor.csproj", "{DB24BD02-60D5-0809-2BF6-2A4B61A723F8}"
EndProject
Project("{FAE04EC0-301F-11D3-BF4B-00C04F79EFBC}") = "PunDemos.DemoHubEditor", "PunDemos.DemoHubEditor.csproj", "{0DBEB8B2-7269-9CD4-F89F-E6398CBE5187}"
EndProject
Project("{FAE04EC0-301F-11D3-BF4B-00C04F79EFBC}") = "PhotonUnityNetworking.Utilities.PhotonPlayer.Editor", "PhotonUnityNetworking.Utilities.PhotonPlayer.Editor.csproj", "{373E0031-6EBD-BDD1-6082-EAE153E35FEE}"
EndProject
Project("{FAE04EC0-301F-11D3-BF4B-00C04F79EFBC}") = "PhotonUnityNetworking.Utilities.Culling.Editor", "PhotonUnityNetworking.Utilities.Culling.Editor.csproj", "{69E3FEB8-EE68-3767-9D3B-69E366C5AFB4}"
EndProject
Project("{FAE04EC0-301F-11D3-BF4B-00C04F79EFBC}") = "PunDemos.DemoSlotcarEditor", "PunDemos.DemoSlotcarEditor.csproj", "{2332097E-9533-589B-50F4-6C881C343E9B}"
EndProject
Global
	GlobalSection(SolutionConfigurationPlatforms) = preSolution
		Debug|Any CPU = Debug|Any CPU
		Release|Any CPU = Release|Any CPU
	EndGlobalSection
	GlobalSection(ProjectConfigurationPlatforms) = postSolution
		{9E0E07FD-8172-27EA-3F87-594E4AB3F192}.Debug|Any CPU.ActiveCfg = Debug|Any CPU
		{9E0E07FD-8172-27EA-3F87-594E4AB3F192}.Debug|Any CPU.Build.0 = Debug|Any CPU
		{9E0E07FD-8172-27EA-3F87-594E4AB3F192}.Release|Any CPU.ActiveCfg = Release|Any CPU
		{9E0E07FD-8172-27EA-3F87-594E4AB3F192}.Release|Any CPU.Build.0 = Release|Any CPU
		{B3555809-885A-8308-B036-5CF91306DE69}.Debug|Any CPU.ActiveCfg = Debug|Any CPU
		{B3555809-885A-8308-B036-5CF91306DE69}.Debug|Any CPU.Build.0 = Debug|Any CPU
		{B3555809-885A-8308-B036-5CF91306DE69}.Release|Any CPU.ActiveCfg = Release|Any CPU
		{B3555809-885A-8308-B036-5CF91306DE69}.Release|Any CPU.Build.0 = Release|Any CPU
		{D7C880CC-5036-C53D-E89C-148DC7825233}.Debug|Any CPU.ActiveCfg = Debug|Any CPU
		{D7C880CC-5036-C53D-E89C-148DC7825233}.Debug|Any CPU.Build.0 = Debug|Any CPU
		{D7C880CC-5036-C53D-E89C-148DC7825233}.Release|Any CPU.ActiveCfg = Release|Any CPU
		{D7C880CC-5036-C53D-E89C-148DC7825233}.Release|Any CPU.Build.0 = Release|Any CPU
		{0F6F5AB9-707E-C6AF-3780-25B6F2ACCB12}.Debug|Any CPU.ActiveCfg = Debug|Any CPU
		{0F6F5AB9-707E-C6AF-3780-25B6F2ACCB12}.Debug|Any CPU.Build.0 = Debug|Any CPU
		{0F6F5AB9-707E-C6AF-3780-25B6F2ACCB12}.Release|Any CPU.ActiveCfg = Release|Any CPU
		{0F6F5AB9-707E-C6AF-3780-25B6F2ACCB12}.Release|Any CPU.Build.0 = Release|Any CPU
		{A228A333-D89D-C866-728F-B1D57359FE40}.Debug|Any CPU.ActiveCfg = Debug|Any CPU
		{A228A333-D89D-C866-728F-B1D57359FE40}.Debug|Any CPU.Build.0 = Debug|Any CPU
		{A228A333-D89D-C866-728F-B1D57359FE40}.Release|Any CPU.ActiveCfg = Release|Any CPU
		{A228A333-D89D-C866-728F-B1D57359FE40}.Release|Any CPU.Build.0 = Release|Any CPU
		{D6560F0A-BAF2-DDE4-25A4-55ACE2BB1EA7}.Debug|Any CPU.ActiveCfg = Debug|Any CPU
		{D6560F0A-BAF2-DDE4-25A4-55ACE2BB1EA7}.Debug|Any CPU.Build.0 = Debug|Any CPU
		{D6560F0A-BAF2-DDE4-25A4-55ACE2BB1EA7}.Release|Any CPU.ActiveCfg = Release|Any CPU
		{D6560F0A-BAF2-DDE4-25A4-55ACE2BB1EA7}.Release|Any CPU.Build.0 = Release|Any CPU
		{069434C3-68B0-B655-50E1-BC2A96FD63B3}.Debug|Any CPU.ActiveCfg = Debug|Any CPU
		{069434C3-68B0-B655-50E1-BC2A96FD63B3}.Debug|Any CPU.Build.0 = Debug|Any CPU
		{069434C3-68B0-B655-50E1-BC2A96FD63B3}.Release|Any CPU.ActiveCfg = Release|Any CPU
		{069434C3-68B0-B655-50E1-BC2A96FD63B3}.Release|Any CPU.Build.0 = Release|Any CPU
		{DB24BD02-60D5-0809-2BF6-2A4B61A723F8}.Debug|Any CPU.ActiveCfg = Debug|Any CPU
		{DB24BD02-60D5-0809-2BF6-2A4B61A723F8}.Debug|Any CPU.Build.0 = Debug|Any CPU
		{DB24BD02-60D5-0809-2BF6-2A4B61A723F8}.Release|Any CPU.ActiveCfg = Release|Any CPU
		{DB24BD02-60D5-0809-2BF6-2A4B61A723F8}.Release|Any CPU.Build.0 = Release|Any CPU
		{0DBEB8B2-7269-9CD4-F89F-E6398CBE5187}.Debug|Any CPU.ActiveCfg = Debug|Any CPU
		{0DBEB8B2-7269-9CD4-F89F-E6398CBE5187}.Debug|Any CPU.Build.0 = Debug|Any CPU
		{0DBEB8B2-7269-9CD4-F89F-E6398CBE5187}.Release|Any CPU.ActiveCfg = Release|Any CPU
		{0DBEB8B2-7269-9CD4-F89F-E6398CBE5187}.Release|Any CPU.Build.0 = Release|Any CPU
		{373E0031-6EBD-BDD1-6082-EAE153E35FEE}.Debug|Any CPU.ActiveCfg = Debug|Any CPU
		{373E0031-6EBD-BDD1-6082-EAE153E35FEE}.Debug|Any CPU.Build.0 = Debug|Any CPU
		{373E0031-6EBD-BDD1-6082-EAE153E35FEE}.Release|Any CPU.ActiveCfg = Release|Any CPU
		{373E0031-6EBD-BDD1-6082-EAE153E35FEE}.Release|Any CPU.Build.0 = Release|Any CPU
		{69E3FEB8-EE68-3767-9D3B-69E366C5AFB4}.Debug|Any CPU.ActiveCfg = Debug|Any CPU
		{69E3FEB8-EE68-3767-9D3B-69E366C5AFB4}.Debug|Any CPU.Build.0 = Debug|Any CPU
		{69E3FEB8-EE68-3767-9D3B-69E366C5AFB4}.Release|Any CPU.ActiveCfg = Release|Any CPU
		{69E3FEB8-EE68-3767-9D3B-69E366C5AFB4}.Release|Any CPU.Build.0 = Release|Any CPU
		{2332097E-9533-589B-50F4-6C881C343E9B}.Debug|Any CPU.ActiveCfg = Debug|Any CPU
		{2332097E-9533-589B-50F4-6C881C343E9B}.Debug|Any CPU.Build.0 = Debug|Any CPU
		{2332097E-9533-589B-50F4-6C881C343E9B}.Release|Any CPU.ActiveCfg = Release|Any CPU
		{2332097E-9533-589B-50F4-6C881C343E9B}.Release|Any CPU.Build.0 = Release|Any CPU
	EndGlobalSection
	GlobalSection(SolutionProperties) = preSolution
		HideSolutionNode = FALSE
	EndGlobalSection
EndGlobal
